
Microsoft Visual Studio Solution File, Format Version 12.00
# Visual Studio Version 17
VisualStudioVersion = 17.0.31903.59
MinimumVisualStudioVersion = 10.0.40219.1
Project("{FAE04EC0-301F-11D3-BF4B-00C04F79EFBC}") = "EmployeeAttendance.API", "EmployeeAttendance.API\EmployeeAttendance.API.csproj", "{17140250-C13B-47C0-B596-5E3D43EC2819}"
EndProject
Project("{FAE04EC0-301F-11D3-BF4B-00C04F79EFBC}") = "EmployeeAttendance.Application", "EmployeeAttendance.Application\EmployeeAttendance.Application.csproj", "{2E12812B-74B4-412D-8B99-42DF83DEAB6D}"
EndProject
Project("{FAE04EC0-301F-11D3-BF4B-00C04F79EFBC}") = "EmployeeAttendance.Domain", "EmployeeAttendance.Domain\EmployeeAttendance.Domain.csproj", "{65A469A7-AF93-4E0A-B8B0-6CD7668FAD76}"
EndProject
Project("{FAE04EC0-301F-11D3-BF4B-00C04F79EFBC}") = "EmployeeAttendance.Infrastructure", "EmployeeAttendance.Infrastructure\EmployeeAttendance.Infrastructure.csproj", "{69E36529-324F-449F-BD48-6B16A17B08DE}"
EndProject
Global
	GlobalSection(SolutionConfigurationPlatforms) = preSolution
		Debug|Any CPU = Debug|Any CPU
		Release|Any CPU = Release|Any CPU
	EndGlobalSection
	GlobalSection(SolutionProperties) = preSolution
		HideSolutionNode = FALSE
	EndGlobalSection
	GlobalSection(ProjectConfigurationPlatforms) = postSolution
		{17140250-C13B-47C0-B596-5E3D43EC2819}.Debug|Any CPU.ActiveCfg = Debug|Any CPU
		{17140250-C13B-47C0-B596-5E3D43EC2819}.Debug|Any CPU.Build.0 = Debug|Any CPU
		{17140250-C13B-47C0-B596-5E3D43EC2819}.Release|Any CPU.ActiveCfg = Release|Any CPU
		{17140250-C13B-47C0-B596-5E3D43EC2819}.Release|Any CPU.Build.0 = Release|Any CPU
		{2E12812B-74B4-412D-8B99-42DF83DEAB6D}.Debug|Any CPU.ActiveCfg = Debug|Any CPU
		{2E12812B-74B4-412D-8B99-42DF83DEAB6D}.Debug|Any CPU.Build.0 = Debug|Any CPU
		{2E12812B-74B4-412D-8B99-42DF83DEAB6D}.Release|Any CPU.ActiveCfg = Release|Any CPU
		{2E12812B-74B4-412D-8B99-42DF83DEAB6D}.Release|Any CPU.Build.0 = Release|Any CPU
		{65A469A7-AF93-4E0A-B8B0-6CD7668FAD76}.Debug|Any CPU.ActiveCfg = Debug|Any CPU
		{65A469A7-AF93-4E0A-B8B0-6CD7668FAD76}.Debug|Any CPU.Build.0 = Debug|Any CPU
		{65A469A7-AF93-4E0A-B8B0-6CD7668FAD76}.Release|Any CPU.ActiveCfg = Release|Any CPU
		{65A469A7-AF93-4E0A-B8B0-6CD7668FAD76}.Release|Any CPU.Build.0 = Release|Any CPU
		{69E36529-324F-449F-BD48-6B16A17B08DE}.Debug|Any CPU.ActiveCfg = Debug|Any CPU
		{69E36529-324F-449F-BD48-6B16A17B08DE}.Debug|Any CPU.Build.0 = Debug|Any CPU
		{69E36529-324F-449F-BD48-6B16A17B08DE}.Release|Any CPU.ActiveCfg = Release|Any CPU
		{69E36529-324F-449F-BD48-6B16A17B08DE}.Release|Any CPU.Build.0 = Release|Any CPU
	EndGlobalSection
EndGlobal
